
Microsoft Visual Studio Solution File, Format Version 12.00
# Visual Studio 15
Project("{FAE04EC0-301F-11D3-BF4B-00C04F79EFBC}") = "Unity.Timeline", "Unity.Timeline.csproj", "{0AD63229-7678-346C-11C1-F0A6CCCB98C3}"
EndProject
Project("{FAE04EC0-301F-11D3-BF4B-00C04F79EFBC}") = "Unity.InputSystem", "Unity.InputSystem.csproj", "{2DC1D671-BD46-2F87-9787-9925D0CADE47}"
EndProject
Project("{FAE04EC0-301F-11D3-BF4B-00C04F79EFBC}") = "Unity.Localization", "Unity.Localization.csproj", "{9F045CED-CB73-0B55-022C-88D01701AB88}"
EndProject
Project("{FAE04EC0-301F-11D3-BF4B-00C04F79EFBC}") = "Unity.VisualScripting.Flow", "Unity.VisualScripting.Flow.csproj", "{92B7A06C-B638-380B-C0AB-0E43323E4C97}"
EndProject
Project("{FAE04EC0-301F-11D3-BF4B-00C04F79EFBC}") = "Unity.Localization.Editor", "Unity.Localization.Editor.csproj", "{799719FC-87E9-9A44-7EB6-D59AB01250EC}"
EndProject
Project("{FAE04EC0-301F-11D3-BF4B-00C04F79EFBC}") = "Unity.Timeline.Editor", "Unity.Timeline.Editor.csproj", "{4839B0A3-EB8A-25E6-12E4-7EB393BDAA10}"
EndProject
Project("{FAE04EC0-301F-11D3-BF4B-00C04F79EFBC}") = "Unity.PlasticSCM.Editor", "Unity.PlasticSCM.Editor.csproj", "{ABE4F648-BFAE-FCDA-4424-31CF9C25B457}"
EndProject
Project("{FAE04EC0-301F-11D3-BF4B-00C04F79EFBC}") = "Unity.ScriptableBuildPipeline.Editor", "Unity.ScriptableBuildPipeline.Editor.csproj", "{8B68A485-DD86-9117-91C7-AD3B3E8DF3C7}"
EndProject
Project("{FAE04EC0-301F-11D3-BF4B-00C04F79EFBC}") = "Unity.Splines.Editor", "Unity.Splines.Editor.csproj", "{53A3AF91-9E38-8D61-A7E7-C7ACE08D28B1}"
EndProject
Project("{FAE04EC0-301F-11D3-BF4B-00C04F79EFBC}") = "Unity.Mathematics", "Unity.Mathematics.csproj", "{CCF6332B-2D6F-E38F-62AB-994BAEC4A9CA}"
EndProject
Project("{FAE04EC0-301F-11D3-BF4B-00C04F79EFBC}") = "Unity.2D.Common.Path.Editor", "Unity.2D.Common.Path.Editor.csproj", "{79998315-9355-B4F8-5F90-4C795606E6C3}"
EndProject
Project("{FAE04EC0-301F-11D3-BF4B-00C04F79EFBC}") = "Unity.Addressables.Editor", "Unity.Addressables.Editor.csproj", "{62DAE405-9549-5880-4C18-D434904ABA84}"
EndProject
Project("{FAE04EC0-301F-11D3-BF4B-00C04F79EFBC}") = "Unity.VisualScripting.Core.Editor", "Unity.VisualScripting.Core.Editor.csproj", "{E0A90E59-2E70-EF0D-BE77-7AD7DEC732BA}"
EndProject
Project("{FAE04EC0-301F-11D3-BF4B-00C04F79EFBC}") = "Unity.2D.IK.Runtime", "Unity.2D.IK.Runtime.csproj", "{73594C2F-CBF0-22B9-BFEC-8411157F2CD6}"
EndProject
Project("{FAE04EC0-301F-11D3-BF4B-00C04F79EFBC}") = "UnityEditor.TestRunner", "UnityEditor.TestRunner.csproj", "{96D3534C-B516-B688-006D-C696D9C46010}"
EndProject
Project("{FAE04EC0-301F-11D3-BF4B-00C04F79EFBC}") = "Unity.TextMeshPro.Editor", "Unity.TextMeshPro.Editor.csproj", "{44D72B29-455E-498C-3082-D8C24211F1F0}"
EndProject
Project("{FAE04EC0-301F-11D3-BF4B-00C04F79EFBC}") = "UnityEngine.TestRunner", "UnityEngine.TestRunner.csproj", "{192D4E60-6260-81BE-E4E8-DEB70F21887F}"
EndProject
Project("{FAE04EC0-301F-11D3-BF4B-00C04F79EFBC}") = "Unity.VisualScripting.Core", "Unity.VisualScripting.Core.csproj", "{16C36FEF-8332-2A5E-BD94-123C5CF49371}"
EndProject
Project("{FAE04EC0-301F-11D3-BF4B-00C04F79EFBC}") = "Unity.VisualScripting.Flow.Editor", "Unity.VisualScripting.Flow.Editor.csproj", "{64B77CF2-639F-6151-D9E6-5DC8A4AB439A}"
EndProject
Project("{FAE04EC0-301F-11D3-BF4B-00C04F79EFBC}") = "Unity.Searcher.Editor", "Unity.Searcher.Editor.csproj", "{F9B18D9D-A611-6920-64E0-6B5E6EBBCCCB}"
EndProject
Project("{FAE04EC0-301F-11D3-BF4B-00C04F79EFBC}") = "Unity.Burst", "Unity.Burst.csproj", "{55B8E1BA-0DAC-90A4-9A8F-2F70EAA38BEF}"
EndProject
Project("{FAE04EC0-301F-11D3-BF4B-00C04F79EFBC}") = "Testingo", "Testingo.csproj", "{9C794727-DA5E-010F-BE62-81454B649381}"
EndProject
Project("{FAE04EC0-301F-11D3-BF4B-00C04F79EFBC}") = "Unity.AI.Navigation.Editor", "Unity.AI.Navigation.Editor.csproj", "{5F029030-36B3-1270-B764-1D0D059D512A}"
EndProject
Project("{FAE04EC0-301F-11D3-BF4B-00C04F79EFBC}") = "Unity.Collections", "Unity.Collections.csproj", "{92B9D063-FD03-DD01-A6B1-193DBA43737B}"
EndProject
Project("{FAE04EC0-301F-11D3-BF4B-00C04F79EFBC}") = "Unity.2D.Animation.Editor", "Unity.2D.Animation.Editor.csproj", "{EF9ADFA5-12EE-D9C6-AC0C-3CC375E9F3CC}"
EndProject
Project("{FAE04EC0-301F-11D3-BF4B-00C04F79EFBC}") = "Unity.2D.SpriteShape.Editor", "Unity.2D.SpriteShape.Editor.csproj", "{2C59D74E-39E7-C84B-22D3-19308D066050}"
EndProject
Project("{FAE04EC0-301F-11D3-BF4B-00C04F79EFBC}") = "Unity.VisualStudio.Editor", "Unity.VisualStudio.Editor.csproj", "{6B2F116B-62DD-0A99-D229-53836B9C6252}"
EndProject
Project("{FAE04EC0-301F-11D3-BF4B-00C04F79EFBC}") = "Unity.Rider.Editor", "Unity.Rider.Editor.csproj", "{713C6A25-857D-65A9-99D6-9AB62A712F3F}"
EndProject
Project("{FAE04EC0-301F-11D3-BF4B-00C04F79EFBC}") = "Unity.InternalAPIEditorBridge.001", "Unity.InternalAPIEditorBridge.001.csproj", "{8F78CE30-74C1-3BED-6676-938CE378C481}"
EndProject
Project("{FAE04EC0-301F-11D3-BF4B-00C04F79EFBC}") = "Unity.ResourceManager", "Unity.ResourceManager.csproj", "{449D6BB5-2AEF-D03A-007F-EEE10DA66870}"
EndProject
Project("{FAE04EC0-301F-11D3-BF4B-00C04F79EFBC}") = "Unity.2D.SpriteShape.Runtime", "Unity.2D.SpriteShape.Runtime.csproj", "{C23653B8-D457-5FDF-115A-AD041EE1DDD9}"
EndProject
Project("{FAE04EC0-301F-11D3-BF4B-00C04F79EFBC}") = "Unity.Addressables", "Unity.Addressables.csproj", "{D9DD0EB8-2B6B-CDE4-B5F2-FD9E53F22B93}"
EndProject
Project("{FAE04EC0-301F-11D3-BF4B-00C04F79EFBC}") = "Unity.AI.Navigation.Editor.ConversionSystem", "Unity.AI.Navigation.Editor.ConversionSystem.csproj", "{7AC4D913-1165-5612-D27E-21F02F884D97}"
EndProject
Project("{FAE04EC0-301F-11D3-BF4B-00C04F79EFBC}") = "Unity.VisualScripting.State.Editor", "Unity.VisualScripting.State.Editor.csproj", "{7602554D-B963-8E84-C83D-6DB5ED369253}"
EndProject
Project("{FAE04EC0-301F-11D3-BF4B-00C04F79EFBC}") = "Unity.Burst.CodeGen", "Unity.Burst.CodeGen.csproj", "{CC6A4F0F-633B-12AE-0FC5-058647674D97}"
EndProject
Project("{FAE04EC0-301F-11D3-BF4B-00C04F79EFBC}") = "Unity.AI.Navigation", "Unity.AI.Navigation.csproj", "{0908CD55-C198-67DC-5477-121BBBF9BEBE}"
EndProject
Project("{FAE04EC0-301F-11D3-BF4B-00C04F79EFBC}") = "Unity.VisualScripting.State", "Unity.VisualScripting.State.csproj", "{1DC906CD-0E51-6CE3-6C51-F14294F811EF}"
EndProject
Project("{FAE04EC0-301F-11D3-BF4B-00C04F79EFBC}") = "Unity.TextMeshPro", "Unity.TextMeshPro.csproj", "{B6E66683-3613-0DD0-B0CA-56B9C7825CA3}"
EndProject
Project("{FAE04EC0-301F-11D3-BF4B-00C04F79EFBC}") = "Unity.Splines", "Unity.Splines.csproj", "{49B35D07-4A4E-CEF3-E0D7-82ED76F29A76}"
EndProject
Project("{FAE04EC0-301F-11D3-BF4B-00C04F79EFBC}") = "Unity.InternalAPIEngineBridge.013", "Unity.InternalAPIEngineBridge.013.csproj", "{5E82451C-E55E-1A7C-0D40-B3FA468013EB}"
EndProject
Project("{FAE04EC0-301F-11D3-BF4B-00C04F79EFBC}") = "Unity.2D.Animation.Runtime", "Unity.2D.Animation.Runtime.csproj", "{0C7F429A-CAF7-B8B4-2C16-862C056E73E9}"
EndProject
Project("{FAE04EC0-301F-11D3-BF4B-00C04F79EFBC}") = "Unity.VisualScripting.SettingsProvider.Editor", "Unity.VisualScripting.SettingsProvider.Editor.csproj", "{F8BE181E-A384-E74C-0A56-ACDED55CF6C3}"
EndProject
Project("{FAE04EC0-301F-11D3-BF4B-00C04F79EFBC}") = "Unity.VSCode.Editor", "Unity.VSCode.Editor.csproj", "{471E926E-3303-81D1-6CEB-30913FC8C71B}"
EndProject
Project("{FAE04EC0-301F-11D3-BF4B-00C04F79EFBC}") = "Unity.2D.IK.Editor", "Unity.2D.IK.Editor.csproj", "{8CB0E3D7-8649-A451-797E-056F71E129AD}"
EndProject
Project("{FAE04EC0-301F-11D3-BF4B-00C04F79EFBC}") = "Unity.InternalAPIEngineBridge.001", "Unity.InternalAPIEngineBridge.001.csproj", "{D9BCB3F8-7D53-8243-DCBE-C417387FDE58}"
EndProject
Project("{FAE04EC0-301F-11D3-BF4B-00C04F79EFBC}") = "Unity.Burst.Editor", "Unity.Burst.Editor.csproj", "{0185FECD-1481-ADA2-8AB1-4A951681FC2C}"
EndProject
Project("{FAE04EC0-301F-11D3-BF4B-00C04F79EFBC}") = "Unity.2D.Common.Editor", "Unity.2D.Common.Editor.csproj", "{6AE9E534-8777-A415-A429-4933BA61C27C}"
EndProject
Project("{FAE04EC0-301F-11D3-BF4B-00C04F79EFBC}") = "Unity.AI.Navigation.Updater", "Unity.AI.Navigation.Updater.csproj", "{DE286DF9-CDDE-74A1-4D9E-A6FBB00A828A}"
EndProject
Project("{FAE04EC0-301F-11D3-BF4B-00C04F79EFBC}") = "Unity.InternalAPIEditorBridge.013", "Unity.InternalAPIEditorBridge.013.csproj", "{65E31AAE-1DC9-2621-A964-2B2E1C82F9D4}"
EndProject
Project("{FAE04EC0-301F-11D3-BF4B-00C04F79EFBC}") = "CFXRRuntime", "CFXRRuntime.csproj", "{EB040AB7-D0FB-E30B-9D9F-D149F18C274F}"
EndProject
Project("{FAE04EC0-301F-11D3-BF4B-00C04F79EFBC}") = "Unity.Settings.Editor", "Unity.Settings.Editor.csproj", "{A2EAB16A-B4AB-3A72-2FD8-7F0A989CFCD1}"
EndProject
Project("{FAE04EC0-301F-11D3-BF4B-00C04F79EFBC}") = "KinoBloom.Runtime", "KinoBloom.Runtime.csproj", "{725126C6-558D-7080-E01A-A2B9196FD755}"
EndProject
Project("{FAE04EC0-301F-11D3-BF4B-00C04F79EFBC}") = "Unity.2D.Common.Runtime", "Unity.2D.Common.Runtime.csproj", "{3E5EDE11-D828-FDCE-E2EC-34DA4A06D02D}"
EndProject
Project("{FAE04EC0-301F-11D3-BF4B-00C04F79EFBC}") = "UnityEditor.CacheServer", "UnityEditor.CacheServer.csproj", "{ECCA4AE2-2E01-0703-CB35-CF970EED1C69}"
EndProject
Project("{FAE04EC0-301F-11D3-BF4B-00C04F79EFBC}") = "Assembly-CSharp-firstpass", "Assembly-CSharp-firstpass.csproj", "{92AA16B9-32AA-0D71-CF92-90F93CB828FA}"
EndProject
Project("{FAE04EC0-301F-11D3-BF4B-00C04F79EFBC}") = "ToonyColorsPro.Demo.Editor", "ToonyColorsPro.Demo.Editor.csproj", "{9D5923D5-2276-3743-7C87-4EB97DE4B9B5}"
EndProject
Project("{FAE04EC0-301F-11D3-BF4B-00C04F79EFBC}") = "Unity.InputSystem.ForUI", "Unity.InputSystem.ForUI.csproj", "{557CDC3D-DF26-3E0F-BB98-5BA2EC73068E}"
EndProject
Project("{FAE04EC0-301F-11D3-BF4B-00C04F79EFBC}") = "Unity.Mathematics.Editor", "Unity.Mathematics.Editor.csproj", "{BDBFB9F2-EB5F-391F-FD62-0EC972739B35}"
EndProject
Project("{FAE04EC0-301F-11D3-BF4B-00C04F79EFBC}") = "Unity.InputSystem.TestFramework", "Unity.InputSystem.TestFramework.csproj", "{F93B49B3-F482-5EBF-880E-E2CCEA88CFEB}"
EndProject
Project("{FAE04EC0-301F-11D3-BF4B-00C04F79EFBC}") = "CFXREditor", "CFXREditor.csproj", "{823D766D-9564-0AC6-EB30-31CC2A524EC4}"
EndProject
Project("{FAE04EC0-301F-11D3-BF4B-00C04F79EFBC}") = "Unity.VisualScripting.Shared.Editor", "Unity.VisualScripting.Shared.Editor.csproj", "{BA32715C-7C04-D0CE-65BB-AE912EB54BAC}"
EndProject
Project("{FAE04EC0-301F-11D3-BF4B-00C04F79EFBC}") = "CFXRDemo", "CFXRDemo.csproj", "{C3C29C90-1BD1-A9C7-FAA2-BD607DC3A694}"
EndProject
Project("{FAE04EC0-301F-11D3-BF4B-00C04F79EFBC}") = "Unity.ScriptableBuildPipeline", "Unity.ScriptableBuildPipeline.csproj", "{A3EB3CB5-3E81-E91D-3F03-D06921CD5F89}"
EndProject
Project("{FAE04EC0-301F-11D3-BF4B-00C04F79EFBC}") = "Unity.Collections.DocCodeSamples", "Unity.Collections.DocCodeSamples.csproj", "{B06940A2-A476-2224-F968-E0594F7E7BFF}"
EndProject
Project("{FAE04EC0-301F-11D3-BF4B-00C04F79EFBC}") = "Unity.Collections.BurstCompatibilityGen", "Unity.Collections.BurstCompatibilityGen.csproj", "{64A8DF87-5F0B-A4EA-09A0-E77B7581ECEB}"
EndProject
Project("{FAE04EC0-301F-11D3-BF4B-00C04F79EFBC}") = "Runtime", "Runtime.csproj", "{D0A56D93-B8AE-EE2C-E1FD-8E7BF9CE30D4}"
EndProject
Project("{FAE04EC0-301F-11D3-BF4B-00C04F79EFBC}") = "Unity.CollabProxy.Editor", "Unity.CollabProxy.Editor.csproj", "{89AC4CA9-DA57-1084-75BA-190AA9FA0F89}"
EndProject
Project("{FAE04EC0-301F-11D3-BF4B-00C04F79EFBC}") = "CFXR.WelcomeScreen", "CFXR.WelcomeScreen.csproj", "{9886ED89-2EC6-294C-3736-F32DB17F7644}"
EndProject
Global
	GlobalSection(SolutionConfigurationPlatforms) = preSolution
		Debug|Any CPU = Debug|Any CPU
		Release|Any CPU = Release|Any CPU
	EndGlobalSection
	GlobalSection(ProjectConfigurationPlatforms) = postSolution
		{0AD63229-7678-346C-11C1-F0A6CCCB98C3}.Debug|Any CPU.ActiveCfg = Debug|Any CPU
		{0AD63229-7678-346C-11C1-F0A6CCCB98C3}.Debug|Any CPU.Build.0 = Debug|Any CPU
		{0AD63229-7678-346C-11C1-F0A6CCCB98C3}.Release|Any CPU.ActiveCfg = Release|Any CPU
		{0AD63229-7678-346C-11C1-F0A6CCCB98C3}.Release|Any CPU.Build.0 = Release|Any CPU
		{2DC1D671-BD46-2F87-9787-9925D0CADE47}.Debug|Any CPU.ActiveCfg = Debug|Any CPU
		{2DC1D671-BD46-2F87-9787-9925D0CADE47}.Debug|Any CPU.Build.0 = Debug|Any CPU
		{2DC1D671-BD46-2F87-9787-9925D0CADE47}.Release|Any CPU.ActiveCfg = Release|Any CPU
		{2DC1D671-BD46-2F87-9787-9925D0CADE47}.Release|Any CPU.Build.0 = Release|Any CPU
		{9F045CED-CB73-0B55-022C-88D01701AB88}.Debug|Any CPU.ActiveCfg = Debug|Any CPU
		{9F045CED-CB73-0B55-022C-88D01701AB88}.Debug|Any CPU.Build.0 = Debug|Any CPU
		{9F045CED-CB73-0B55-022C-88D01701AB88}.Release|Any CPU.ActiveCfg = Release|Any CPU
		{9F045CED-CB73-0B55-022C-88D01701AB88}.Release|Any CPU.Build.0 = Release|Any CPU
		{92B7A06C-B638-380B-C0AB-0E43323E4C97}.Debug|Any CPU.ActiveCfg = Debug|Any CPU
		{92B7A06C-B638-380B-C0AB-0E43323E4C97}.Debug|Any CPU.Build.0 = Debug|Any CPU
		{92B7A06C-B638-380B-C0AB-0E43323E4C97}.Release|Any CPU.ActiveCfg = Release|Any CPU
		{92B7A06C-B638-380B-C0AB-0E43323E4C97}.Release|Any CPU.Build.0 = Release|Any CPU
		{799719FC-87E9-9A44-7EB6-D59AB01250EC}.Debug|Any CPU.ActiveCfg = Debug|Any CPU
		{799719FC-87E9-9A44-7EB6-D59AB01250EC}.Debug|Any CPU.Build.0 = Debug|Any CPU
		{799719FC-87E9-9A44-7EB6-D59AB01250EC}.Release|Any CPU.ActiveCfg = Release|Any CPU
		{799719FC-87E9-9A44-7EB6-D59AB01250EC}.Release|Any CPU.Build.0 = Release|Any CPU
		{4839B0A3-EB8A-25E6-12E4-7EB393BDAA10}.Debug|Any CPU.ActiveCfg = Debug|Any CPU
		{4839B0A3-EB8A-25E6-12E4-7EB393BDAA10}.Debug|Any CPU.Build.0 = Debug|Any CPU
		{4839B0A3-EB8A-25E6-12E4-7EB393BDAA10}.Release|Any CPU.ActiveCfg = Release|Any CPU
		{4839B0A3-EB8A-25E6-12E4-7EB393BDAA10}.Release|Any CPU.Build.0 = Release|Any CPU
		{ABE4F648-BFAE-FCDA-4424-31CF9C25B457}.Debug|Any CPU.ActiveCfg = Debug|Any CPU
		{ABE4F648-BFAE-FCDA-4424-31CF9C25B457}.Debug|Any CPU.Build.0 = Debug|Any CPU
		{ABE4F648-BFAE-FCDA-4424-31CF9C25B457}.Release|Any CPU.ActiveCfg = Release|Any CPU
		{ABE4F648-BFAE-FCDA-4424-31CF9C25B457}.Release|Any CPU.Build.0 = Release|Any CPU
		{8B68A485-DD86-9117-91C7-AD3B3E8DF3C7}.Debug|Any CPU.ActiveCfg = Debug|Any CPU
		{8B68A485-DD86-9117-91C7-AD3B3E8DF3C7}.Debug|Any CPU.Build.0 = Debug|Any CPU
		{8B68A485-DD86-9117-91C7-AD3B3E8DF3C7}.Release|Any CPU.ActiveCfg = Release|Any CPU
		{8B68A485-DD86-9117-91C7-AD3B3E8DF3C7}.Release|Any CPU.Build.0 = Release|Any CPU
		{53A3AF91-9E38-8D61-A7E7-C7ACE08D28B1}.Debug|Any CPU.ActiveCfg = Debug|Any CPU
		{53A3AF91-9E38-8D61-A7E7-C7ACE08D28B1}.Debug|Any CPU.Build.0 = Debug|Any CPU
		{53A3AF91-9E38-8D61-A7E7-C7ACE08D28B1}.Release|Any CPU.ActiveCfg = Release|Any CPU
		{53A3AF91-9E38-8D61-A7E7-C7ACE08D28B1}.Release|Any CPU.Build.0 = Release|Any CPU
		{CCF6332B-2D6F-E38F-62AB-994BAEC4A9CA}.Debug|Any CPU.ActiveCfg = Debug|Any CPU
		{CCF6332B-2D6F-E38F-62AB-994BAEC4A9CA}.Debug|Any CPU.Build.0 = Debug|Any CPU
		{CCF6332B-2D6F-E38F-62AB-994BAEC4A9CA}.Release|Any CPU.ActiveCfg = Release|Any CPU
		{CCF6332B-2D6F-E38F-62AB-994BAEC4A9CA}.Release|Any CPU.Build.0 = Release|Any CPU
		{79998315-9355-B4F8-5F90-4C795606E6C3}.Debug|Any CPU.ActiveCfg = Debug|Any CPU
		{79998315-9355-B4F8-5F90-4C795606E6C3}.Debug|Any CPU.Build.0 = Debug|Any CPU
		{79998315-9355-B4F8-5F90-4C795606E6C3}.Release|Any CPU.ActiveCfg = Release|Any CPU
		{79998315-9355-B4F8-5F90-4C795606E6C3}.Release|Any CPU.Build.0 = Release|Any CPU
		{62DAE405-9549-5880-4C18-D434904ABA84}.Debug|Any CPU.ActiveCfg = Debug|Any CPU
		{62DAE405-9549-5880-4C18-D434904ABA84}.Debug|Any CPU.Build.0 = Debug|Any CPU
		{62DAE405-9549-5880-4C18-D434904ABA84}.Release|Any CPU.ActiveCfg = Release|Any CPU
		{62DAE405-9549-5880-4C18-D434904ABA84}.Release|Any CPU.Build.0 = Release|Any CPU
		{E0A90E59-2E70-EF0D-BE77-7AD7DEC732BA}.Debug|Any CPU.ActiveCfg = Debug|Any CPU
		{E0A90E59-2E70-EF0D-BE77-7AD7DEC732BA}.Debug|Any CPU.Build.0 = Debug|Any CPU
		{E0A90E59-2E70-EF0D-BE77-7AD7DEC732BA}.Release|Any CPU.ActiveCfg = Release|Any CPU
		{E0A90E59-2E70-EF0D-BE77-7AD7DEC732BA}.Release|Any CPU.Build.0 = Release|Any CPU
		{73594C2F-CBF0-22B9-BFEC-8411157F2CD6}.Debug|Any CPU.ActiveCfg = Debug|Any CPU
		{73594C2F-CBF0-22B9-BFEC-8411157F2CD6}.Debug|Any CPU.Build.0 = Debug|Any CPU
		{73594C2F-CBF0-22B9-BFEC-8411157F2CD6}.Release|Any CPU.ActiveCfg = Release|Any CPU
		{73594C2F-CBF0-22B9-BFEC-8411157F2CD6}.Release|Any CPU.Build.0 = Release|Any CPU
		{96D3534C-B516-B688-006D-C696D9C46010}.Debug|Any CPU.ActiveCfg = Debug|Any CPU
		{96D3534C-B516-B688-006D-C696D9C46010}.Debug|Any CPU.Build.0 = Debug|Any CPU
		{96D3534C-B516-B688-006D-C696D9C46010}.Release|Any CPU.ActiveCfg = Release|Any CPU
		{96D3534C-B516-B688-006D-C696D9C46010}.Release|Any CPU.Build.0 = Release|Any CPU
		{44D72B29-455E-498C-3082-D8C24211F1F0}.Debug|Any CPU.ActiveCfg = Debug|Any CPU
		{44D72B29-455E-498C-3082-D8C24211F1F0}.Debug|Any CPU.Build.0 = Debug|Any CPU
		{44D72B29-455E-498C-3082-D8C24211F1F0}.Release|Any CPU.ActiveCfg = Release|Any CPU
		{44D72B29-455E-498C-3082-D8C24211F1F0}.Release|Any CPU.Build.0 = Release|Any CPU
		{192D4E60-6260-81BE-E4E8-DEB70F21887F}.Debug|Any CPU.ActiveCfg = Debug|Any CPU
		{192D4E60-6260-81BE-E4E8-DEB70F21887F}.Debug|Any CPU.Build.0 = Debug|Any CPU
		{192D4E60-6260-81BE-E4E8-DEB70F21887F}.Release|Any CPU.ActiveCfg = Release|Any CPU
		{192D4E60-6260-81BE-E4E8-DEB70F21887F}.Release|Any CPU.Build.0 = Release|Any CPU
		{16C36FEF-8332-2A5E-BD94-123C5CF49371}.Debug|Any CPU.ActiveCfg = Debug|Any CPU
		{16C36FEF-8332-2A5E-BD94-123C5CF49371}.Debug|Any CPU.Build.0 = Debug|Any CPU
		{16C36FEF-8332-2A5E-BD94-123C5CF49371}.Release|Any CPU.ActiveCfg = Release|Any CPU
		{16C36FEF-8332-2A5E-BD94-123C5CF49371}.Release|Any CPU.Build.0 = Release|Any CPU
		{64B77CF2-639F-6151-D9E6-5DC8A4AB439A}.Debug|Any CPU.ActiveCfg = Debug|Any CPU
		{64B77CF2-639F-6151-D9E6-5DC8A4AB439A}.Debug|Any CPU.Build.0 = Debug|Any CPU
		{64B77CF2-639F-6151-D9E6-5DC8A4AB439A}.Release|Any CPU.ActiveCfg = Release|Any CPU
		{64B77CF2-639F-6151-D9E6-5DC8A4AB439A}.Release|Any CPU.Build.0 = Release|Any CPU
		{F9B18D9D-A611-6920-64E0-6B5E6EBBCCCB}.Debug|Any CPU.ActiveCfg = Debug|Any CPU
		{F9B18D9D-A611-6920-64E0-6B5E6EBBCCCB}.Debug|Any CPU.Build.0 = Debug|Any CPU
		{F9B18D9D-A611-6920-64E0-6B5E6EBBCCCB}.Release|Any CPU.ActiveCfg = Release|Any CPU
		{F9B18D9D-A611-6920-64E0-6B5E6EBBCCCB}.Release|Any CPU.Build.0 = Release|Any CPU
		{55B8E1BA-0DAC-90A4-9A8F-2F70EAA38BEF}.Debug|Any CPU.ActiveCfg = Debug|Any CPU
		{55B8E1BA-0DAC-90A4-9A8F-2F70EAA38BEF}.Debug|Any CPU.Build.0 = Debug|Any CPU
		{55B8E1BA-0DAC-90A4-9A8F-2F70EAA38BEF}.Release|Any CPU.ActiveCfg = Release|Any CPU
		{55B8E1BA-0DAC-90A4-9A8F-2F70EAA38BEF}.Release|Any CPU.Build.0 = Release|Any CPU
		{9C794727-DA5E-010F-BE62-81454B649381}.Debug|Any CPU.ActiveCfg = Debug|Any CPU
		{9C794727-DA5E-010F-BE62-81454B649381}.Debug|Any CPU.Build.0 = Debug|Any CPU
		{9C794727-DA5E-010F-BE62-81454B649381}.Release|Any CPU.ActiveCfg = Release|Any CPU
		{9C794727-DA5E-010F-BE62-81454B649381}.Release|Any CPU.Build.0 = Release|Any CPU
		{5F029030-36B3-1270-B764-1D0D059D512A}.Debug|Any CPU.ActiveCfg = Debug|Any CPU
		{5F029030-36B3-1270-B764-1D0D059D512A}.Debug|Any CPU.Build.0 = Debug|Any CPU
		{5F029030-36B3-1270-B764-1D0D059D512A}.Release|Any CPU.ActiveCfg = Release|Any CPU
		{5F029030-36B3-1270-B764-1D0D059D512A}.Release|Any CPU.Build.0 = Release|Any CPU
		{92B9D063-FD03-DD01-A6B1-193DBA43737B}.Debug|Any CPU.ActiveCfg = Debug|Any CPU
		{92B9D063-FD03-DD01-A6B1-193DBA43737B}.Debug|Any CPU.Build.0 = Debug|Any CPU
		{92B9D063-FD03-DD01-A6B1-193DBA43737B}.Release|Any CPU.ActiveCfg = Release|Any CPU
		{92B9D063-FD03-DD01-A6B1-193DBA43737B}.Release|Any CPU.Build.0 = Release|Any CPU
		{EF9ADFA5-12EE-D9C6-AC0C-3CC375E9F3CC}.Debug|Any CPU.ActiveCfg = Debug|Any CPU
		{EF9ADFA5-12EE-D9C6-AC0C-3CC375E9F3CC}.Debug|Any CPU.Build.0 = Debug|Any CPU
		{EF9ADFA5-12EE-D9C6-AC0C-3CC375E9F3CC}.Release|Any CPU.ActiveCfg = Release|Any CPU
		{EF9ADFA5-12EE-D9C6-AC0C-3CC375E9F3CC}.Release|Any CPU.Build.0 = Release|Any CPU
		{2C59D74E-39E7-C84B-22D3-19308D066050}.Debug|Any CPU.ActiveCfg = Debug|Any CPU
		{2C59D74E-39E7-C84B-22D3-19308D066050}.Debug|Any CPU.Build.0 = Debug|Any CPU
		{2C59D74E-39E7-C84B-22D3-19308D066050}.Release|Any CPU.ActiveCfg = Release|Any CPU
		{2C59D74E-39E7-C84B-22D3-19308D066050}.Release|Any CPU.Build.0 = Release|Any CPU
		{6B2F116B-62DD-0A99-D229-53836B9C6252}.Debug|Any CPU.ActiveCfg = Debug|Any CPU
		{6B2F116B-62DD-0A99-D229-53836B9C6252}.Debug|Any CPU.Build.0 = Debug|Any CPU
		{6B2F116B-62DD-0A99-D229-53836B9C6252}.Release|Any CPU.ActiveCfg = Release|Any CPU
		{6B2F116B-62DD-0A99-D229-53836B9C6252}.Release|Any CPU.Build.0 = Release|Any CPU
		{713C6A25-857D-65A9-99D6-9AB62A712F3F}.Debug|Any CPU.ActiveCfg = Debug|Any CPU
		{713C6A25-857D-65A9-99D6-9AB62A712F3F}.Debug|Any CPU.Build.0 = Debug|Any CPU
		{713C6A25-857D-65A9-99D6-9AB62A712F3F}.Release|Any CPU.ActiveCfg = Release|Any CPU
		{713C6A25-857D-65A9-99D6-9AB62A712F3F}.Release|Any CPU.Build.0 = Release|Any CPU
		{8F78CE30-74C1-3BED-6676-938CE378C481}.Debug|Any CPU.ActiveCfg = Debug|Any CPU
		{8F78CE30-74C1-3BED-6676-938CE378C481}.Debug|Any CPU.Build.0 = Debug|Any CPU
		{8F78CE30-74C1-3BED-6676-938CE378C481}.Release|Any CPU.ActiveCfg = Release|Any CPU
		{8F78CE30-74C1-3BED-6676-938CE378C481}.Release|Any CPU.Build.0 = Release|Any CPU
		{449D6BB5-2AEF-D03A-007F-EEE10DA66870}.Debug|Any CPU.ActiveCfg = Debug|Any CPU
		{449D6BB5-2AEF-D03A-007F-EEE10DA66870}.Debug|Any CPU.Build.0 = Debug|Any CPU
		{449D6BB5-2AEF-D03A-007F-EEE10DA66870}.Release|Any CPU.ActiveCfg = Release|Any CPU
		{449D6BB5-2AEF-D03A-007F-EEE10DA66870}.Release|Any CPU.Build.0 = Release|Any CPU
		{C23653B8-D457-5FDF-115A-AD041EE1DDD9}.Debug|Any CPU.ActiveCfg = Debug|Any CPU
		{C23653B8-D457-5FDF-115A-AD041EE1DDD9}.Debug|Any CPU.Build.0 = Debug|Any CPU
		{C23653B8-D457-5FDF-115A-AD041EE1DDD9}.Release|Any CPU.ActiveCfg = Release|Any CPU
		{C23653B8-D457-5FDF-115A-AD041EE1DDD9}.Release|Any CPU.Build.0 = Release|Any CPU
		{D9DD0EB8-2B6B-CDE4-B5F2-FD9E53F22B93}.Debug|Any CPU.ActiveCfg = Debug|Any CPU
		{D9DD0EB8-2B6B-CDE4-B5F2-FD9E53F22B93}.Debug|Any CPU.Build.0 = Debug|Any CPU
		{D9DD0EB8-2B6B-CDE4-B5F2-FD9E53F22B93}.Release|Any CPU.ActiveCfg = Release|Any CPU
		{D9DD0EB8-2B6B-CDE4-B5F2-FD9E53F22B93}.Release|Any CPU.Build.0 = Release|Any CPU
		{7AC4D913-1165-5612-D27E-21F02F884D97}.Debug|Any CPU.ActiveCfg = Debug|Any CPU
		{7AC4D913-1165-5612-D27E-21F02F884D97}.Debug|Any CPU.Build.0 = Debug|Any CPU
		{7AC4D913-1165-5612-D27E-21F02F884D97}.Release|Any CPU.ActiveCfg = Release|Any CPU
		{7AC4D913-1165-5612-D27E-21F02F884D97}.Release|Any CPU.Build.0 = Release|Any CPU
		{7602554D-B963-8E84-C83D-6DB5ED369253}.Debug|Any CPU.ActiveCfg = Debug|Any CPU
		{7602554D-B963-8E84-C83D-6DB5ED369253}.Debug|Any CPU.Build.0 = Debug|Any CPU
		{7602554D-B963-8E84-C83D-6DB5ED369253}.Release|Any CPU.ActiveCfg = Release|Any CPU
		{7602554D-B963-8E84-C83D-6DB5ED369253}.Release|Any CPU.Build.0 = Release|Any CPU
		{CC6A4F0F-633B-12AE-0FC5-058647674D97}.Debug|Any CPU.ActiveCfg = Debug|Any CPU
		{CC6A4F0F-633B-12AE-0FC5-058647674D97}.Debug|Any CPU.Build.0 = Debug|Any CPU
		{CC6A4F0F-633B-12AE-0FC5-058647674D97}.Release|Any CPU.ActiveCfg = Release|Any CPU
		{CC6A4F0F-633B-12AE-0FC5-058647674D97}.Release|Any CPU.Build.0 = Release|Any CPU
		{0908CD55-C198-67DC-5477-121BBBF9BEBE}.Debug|Any CPU.ActiveCfg = Debug|Any CPU
		{0908CD55-C198-67DC-5477-121BBBF9BEBE}.Debug|Any CPU.Build.0 = Debug|Any CPU
		{0908CD55-C198-67DC-5477-121BBBF9BEBE}.Release|Any CPU.ActiveCfg = Release|Any CPU
		{0908CD55-C198-67DC-5477-121BBBF9BEBE}.Release|Any CPU.Build.0 = Release|Any CPU
		{1DC906CD-0E51-6CE3-6C51-F14294F811EF}.Debug|Any CPU.ActiveCfg = Debug|Any CPU
		{1DC906CD-0E51-6CE3-6C51-F14294F811EF}.Debug|Any CPU.Build.0 = Debug|Any CPU
		{1DC906CD-0E51-6CE3-6C51-F14294F811EF}.Release|Any CPU.ActiveCfg = Release|Any CPU
		{1DC906CD-0E51-6CE3-6C51-F14294F811EF}.Release|Any CPU.Build.0 = Release|Any CPU
		{B6E66683-3613-0DD0-B0CA-56B9C7825CA3}.Debug|Any CPU.ActiveCfg = Debug|Any CPU
		{B6E66683-3613-0DD0-B0CA-56B9C7825CA3}.Debug|Any CPU.Build.0 = Debug|Any CPU
		{B6E66683-3613-0DD0-B0CA-56B9C7825CA3}.Release|Any CPU.ActiveCfg = Release|Any CPU
		{B6E66683-3613-0DD0-B0CA-56B9C7825CA3}.Release|Any CPU.Build.0 = Release|Any CPU
		{49B35D07-4A4E-CEF3-E0D7-82ED76F29A76}.Debug|Any CPU.ActiveCfg = Debug|Any CPU
		{49B35D07-4A4E-CEF3-E0D7-82ED76F29A76}.Debug|Any CPU.Build.0 = Debug|Any CPU
		{49B35D07-4A4E-CEF3-E0D7-82ED76F29A76}.Release|Any CPU.ActiveCfg = Release|Any CPU
		{49B35D07-4A4E-CEF3-E0D7-82ED76F29A76}.Release|Any CPU.Build.0 = Release|Any CPU
		{5E82451C-E55E-1A7C-0D40-B3FA468013EB}.Debug|Any CPU.ActiveCfg = Debug|Any CPU
		{5E82451C-E55E-1A7C-0D40-B3FA468013EB}.Debug|Any CPU.Build.0 = Debug|Any CPU
		{5E82451C-E55E-1A7C-0D40-B3FA468013EB}.Release|Any CPU.ActiveCfg = Release|Any CPU
		{5E82451C-E55E-1A7C-0D40-B3FA468013EB}.Release|Any CPU.Build.0 = Release|Any CPU
		{0C7F429A-CAF7-B8B4-2C16-862C056E73E9}.Debug|Any CPU.ActiveCfg = Debug|Any CPU
		{0C7F429A-CAF7-B8B4-2C16-862C056E73E9}.Debug|Any CPU.Build.0 = Debug|Any CPU
		{0C7F429A-CAF7-B8B4-2C16-862C056E73E9}.Release|Any CPU.ActiveCfg = Release|Any CPU
		{0C7F429A-CAF7-B8B4-2C16-862C056E73E9}.Release|Any CPU.Build.0 = Release|Any CPU
		{F8BE181E-A384-E74C-0A56-ACDED55CF6C3}.Debug|Any CPU.ActiveCfg = Debug|Any CPU
		{F8BE181E-A384-E74C-0A56-ACDED55CF6C3}.Debug|Any CPU.Build.0 = Debug|Any CPU
		{F8BE181E-A384-E74C-0A56-ACDED55CF6C3}.Release|Any CPU.ActiveCfg = Release|Any CPU
		{F8BE181E-A384-E74C-0A56-ACDED55CF6C3}.Release|Any CPU.Build.0 = Release|Any CPU
		{471E926E-3303-81D1-6CEB-30913FC8C71B}.Debug|Any CPU.ActiveCfg = Debug|Any CPU
		{471E926E-3303-81D1-6CEB-30913FC8C71B}.Debug|Any CPU.Build.0 = Debug|Any CPU
		{471E926E-3303-81D1-6CEB-30913FC8C71B}.Release|Any CPU.ActiveCfg = Release|Any CPU
		{471E926E-3303-81D1-6CEB-30913FC8C71B}.Release|Any CPU.Build.0 = Release|Any CPU
		{8CB0E3D7-8649-A451-797E-056F71E129AD}.Debug|Any CPU.ActiveCfg = Debug|Any CPU
		{8CB0E3D7-8649-A451-797E-056F71E129AD}.Debug|Any CPU.Build.0 = Debug|Any CPU
		{8CB0E3D7-8649-A451-797E-056F71E129AD}.Release|Any CPU.ActiveCfg = Release|Any CPU
		{8CB0E3D7-8649-A451-797E-056F71E129AD}.Release|Any CPU.Build.0 = Release|Any CPU
		{D9BCB3F8-7D53-8243-DCBE-C417387FDE58}.Debug|Any CPU.ActiveCfg = Debug|Any CPU
		{D9BCB3F8-7D53-8243-DCBE-C417387FDE58}.Debug|Any CPU.Build.0 = Debug|Any CPU
		{D9BCB3F8-7D53-8243-DCBE-C417387FDE58}.Release|Any CPU.ActiveCfg = Release|Any CPU
		{D9BCB3F8-7D53-8243-DCBE-C417387FDE58}.Release|Any CPU.Build.0 = Release|Any CPU
		{0185FECD-1481-ADA2-8AB1-4A951681FC2C}.Debug|Any CPU.ActiveCfg = Debug|Any CPU
		{0185FECD-1481-ADA2-8AB1-4A951681FC2C}.Debug|Any CPU.Build.0 = Debug|Any CPU
		{0185FECD-1481-ADA2-8AB1-4A951681FC2C}.Release|Any CPU.ActiveCfg = Release|Any CPU
		{0185FECD-1481-ADA2-8AB1-4A951681FC2C}.Release|Any CPU.Build.0 = Release|Any CPU
		{6AE9E534-8777-A415-A429-4933BA61C27C}.Debug|Any CPU.ActiveCfg = Debug|Any CPU
		{6AE9E534-8777-A415-A429-4933BA61C27C}.Debug|Any CPU.Build.0 = Debug|Any CPU
		{6AE9E534-8777-A415-A429-4933BA61C27C}.Release|Any CPU.ActiveCfg = Release|Any CPU
		{6AE9E534-8777-A415-A429-4933BA61C27C}.Release|Any CPU.Build.0 = Release|Any CPU
		{DE286DF9-CDDE-74A1-4D9E-A6FBB00A828A}.Debug|Any CPU.ActiveCfg = Debug|Any CPU
		{DE286DF9-CDDE-74A1-4D9E-A6FBB00A828A}.Debug|Any CPU.Build.0 = Debug|Any CPU
		{DE286DF9-CDDE-74A1-4D9E-A6FBB00A828A}.Release|Any CPU.ActiveCfg = Release|Any CPU
		{DE286DF9-CDDE-74A1-4D9E-A6FBB00A828A}.Release|Any CPU.Build.0 = Release|Any CPU
		{65E31AAE-1DC9-2621-A964-2B2E1C82F9D4}.Debug|Any CPU.ActiveCfg = Debug|Any CPU
		{65E31AAE-1DC9-2621-A964-2B2E1C82F9D4}.Debug|Any CPU.Build.0 = Debug|Any CPU
		{65E31AAE-1DC9-2621-A964-2B2E1C82F9D4}.Release|Any CPU.ActiveCfg = Release|Any CPU
		{65E31AAE-1DC9-2621-A964-2B2E1C82F9D4}.Release|Any CPU.Build.0 = Release|Any CPU
		{EB040AB7-D0FB-E30B-9D9F-D149F18C274F}.Debug|Any CPU.ActiveCfg = Debug|Any CPU
		{EB040AB7-D0FB-E30B-9D9F-D149F18C274F}.Debug|Any CPU.Build.0 = Debug|Any CPU
		{EB040AB7-D0FB-E30B-9D9F-D149F18C274F}.Release|Any CPU.ActiveCfg = Release|Any CPU
		{EB040AB7-D0FB-E30B-9D9F-D149F18C274F}.Release|Any CPU.Build.0 = Release|Any CPU
		{A2EAB16A-B4AB-3A72-2FD8-7F0A989CFCD1}.Debug|Any CPU.ActiveCfg = Debug|Any CPU
		{A2EAB16A-B4AB-3A72-2FD8-7F0A989CFCD1}.Debug|Any CPU.Build.0 = Debug|Any CPU
		{A2EAB16A-B4AB-3A72-2FD8-7F0A989CFCD1}.Release|Any CPU.ActiveCfg = Release|Any CPU
		{A2EAB16A-B4AB-3A72-2FD8-7F0A989CFCD1}.Release|Any CPU.Build.0 = Release|Any CPU
		{725126C6-558D-7080-E01A-A2B9196FD755}.Debug|Any CPU.ActiveCfg = Debug|Any CPU
		{725126C6-558D-7080-E01A-A2B9196FD755}.Debug|Any CPU.Build.0 = Debug|Any CPU
		{725126C6-558D-7080-E01A-A2B9196FD755}.Release|Any CPU.ActiveCfg = Release|Any CPU
		{725126C6-558D-7080-E01A-A2B9196FD755}.Release|Any CPU.Build.0 = Release|Any CPU
		{3E5EDE11-D828-FDCE-E2EC-34DA4A06D02D}.Debug|Any CPU.ActiveCfg = Debug|Any CPU
		{3E5EDE11-D828-FDCE-E2EC-34DA4A06D02D}.Debug|Any CPU.Build.0 = Debug|Any CPU
		{3E5EDE11-D828-FDCE-E2EC-34DA4A06D02D}.Release|Any CPU.ActiveCfg = Release|Any CPU
		{3E5EDE11-D828-FDCE-E2EC-34DA4A06D02D}.Release|Any CPU.Build.0 = Release|Any CPU
		{ECCA4AE2-2E01-0703-CB35-CF970EED1C69}.Debug|Any CPU.ActiveCfg = Debug|Any CPU
		{ECCA4AE2-2E01-0703-CB35-CF970EED1C69}.Debug|Any CPU.Build.0 = Debug|Any CPU
		{ECCA4AE2-2E01-0703-CB35-CF970EED1C69}.Release|Any CPU.ActiveCfg = Release|Any CPU
		{ECCA4AE2-2E01-0703-CB35-CF970EED1C69}.Release|Any CPU.Build.0 = Release|Any CPU
		{92AA16B9-32AA-0D71-CF92-90F93CB828FA}.Debug|Any CPU.ActiveCfg = Debug|Any CPU
		{92AA16B9-32AA-0D71-CF92-90F93CB828FA}.Debug|Any CPU.Build.0 = Debug|Any CPU
		{92AA16B9-32AA-0D71-CF92-90F93CB828FA}.Release|Any CPU.ActiveCfg = Release|Any CPU
		{92AA16B9-32AA-0D71-CF92-90F93CB828FA}.Release|Any CPU.Build.0 = Release|Any CPU
		{9D5923D5-2276-3743-7C87-4EB97DE4B9B5}.Debug|Any CPU.ActiveCfg = Debug|Any CPU
		{9D5923D5-2276-3743-7C87-4EB97DE4B9B5}.Debug|Any CPU.Build.0 = Debug|Any CPU
		{9D5923D5-2276-3743-7C87-4EB97DE4B9B5}.Release|Any CPU.ActiveCfg = Release|Any CPU
		{9D5923D5-2276-3743-7C87-4EB97DE4B9B5}.Release|Any CPU.Build.0 = Release|Any CPU
		{557CDC3D-DF26-3E0F-BB98-5BA2EC73068E}.Debug|Any CPU.ActiveCfg = Debug|Any CPU
		{557CDC3D-DF26-3E0F-BB98-5BA2EC73068E}.Debug|Any CPU.Build.0 = Debug|Any CPU
		{557CDC3D-DF26-3E0F-BB98-5BA2EC73068E}.Release|Any CPU.ActiveCfg = Release|Any CPU
		{557CDC3D-DF26-3E0F-BB98-5BA2EC73068E}.Release|Any CPU.Build.0 = Release|Any CPU
		{BDBFB9F2-EB5F-391F-FD62-0EC972739B35}.Debug|Any CPU.ActiveCfg = Debug|Any CPU
		{BDBFB9F2-EB5F-391F-FD62-0EC972739B35}.Debug|Any CPU.Build.0 = Debug|Any CPU
		{BDBFB9F2-EB5F-391F-FD62-0EC972739B35}.Release|Any CPU.ActiveCfg = Release|Any CPU
		{BDBFB9F2-EB5F-391F-FD62-0EC972739B35}.Release|Any CPU.Build.0 = Release|Any CPU
		{F93B49B3-F482-5EBF-880E-E2CCEA88CFEB}.Debug|Any CPU.ActiveCfg = Debug|Any CPU
		{F93B49B3-F482-5EBF-880E-E2CCEA88CFEB}.Debug|Any CPU.Build.0 = Debug|Any CPU
		{F93B49B3-F482-5EBF-880E-E2CCEA88CFEB}.Release|Any CPU.ActiveCfg = Release|Any CPU
		{F93B49B3-F482-5EBF-880E-E2CCEA88CFEB}.Release|Any CPU.Build.0 = Release|Any CPU
		{823D766D-9564-0AC6-EB30-31CC2A524EC4}.Debug|Any CPU.ActiveCfg = Debug|Any CPU
		{823D766D-9564-0AC6-EB30-31CC2A524EC4}.Debug|Any CPU.Build.0 = Debug|Any CPU
		{823D766D-9564-0AC6-EB30-31CC2A524EC4}.Release|Any CPU.ActiveCfg = Release|Any CPU
		{823D766D-9564-0AC6-EB30-31CC2A524EC4}.Release|Any CPU.Build.0 = Release|Any CPU
		{BA32715C-7C04-D0CE-65BB-AE912EB54BAC}.Debug|Any CPU.ActiveCfg = Debug|Any CPU
		{BA32715C-7C04-D0CE-65BB-AE912EB54BAC}.Debug|Any CPU.Build.0 = Debug|Any CPU
		{BA32715C-7C04-D0CE-65BB-AE912EB54BAC}.Release|Any CPU.ActiveCfg = Release|Any CPU
		{BA32715C-7C04-D0CE-65BB-AE912EB54BAC}.Release|Any CPU.Build.0 = Release|Any CPU
		{C3C29C90-1BD1-A9C7-FAA2-BD607DC3A694}.Debug|Any CPU.ActiveCfg = Debug|Any CPU
		{C3C29C90-1BD1-A9C7-FAA2-BD607DC3A694}.Debug|Any CPU.Build.0 = Debug|Any CPU
		{C3C29C90-1BD1-A9C7-FAA2-BD607DC3A694}.Release|Any CPU.ActiveCfg = Release|Any CPU
		{C3C29C90-1BD1-A9C7-FAA2-BD607DC3A694}.Release|Any CPU.Build.0 = Release|Any CPU
		{A3EB3CB5-3E81-E91D-3F03-D06921CD5F89}.Debug|Any CPU.ActiveCfg = Debug|Any CPU
		{A3EB3CB5-3E81-E91D-3F03-D06921CD5F89}.Debug|Any CPU.Build.0 = Debug|Any CPU
		{A3EB3CB5-3E81-E91D-3F03-D06921CD5F89}.Release|Any CPU.ActiveCfg = Release|Any CPU
		{A3EB3CB5-3E81-E91D-3F03-D06921CD5F89}.Release|Any CPU.Build.0 = Release|Any CPU
		{B06940A2-A476-2224-F968-E0594F7E7BFF}.Debug|Any CPU.ActiveCfg = Debug|Any CPU
		{B06940A2-A476-2224-F968-E0594F7E7BFF}.Debug|Any CPU.Build.0 = Debug|Any CPU
		{B06940A2-A476-2224-F968-E0594F7E7BFF}.Release|Any CPU.ActiveCfg = Release|Any CPU
		{B06940A2-A476-2224-F968-E0594F7E7BFF}.Release|Any CPU.Build.0 = Release|Any CPU
		{64A8DF87-5F0B-A4EA-09A0-E77B7581ECEB}.Debug|Any CPU.ActiveCfg = Debug|Any CPU
		{64A8DF87-5F0B-A4EA-09A0-E77B7581ECEB}.Debug|Any CPU.Build.0 = Debug|Any CPU
		{64A8DF87-5F0B-A4EA-09A0-E77B7581ECEB}.Release|Any CPU.ActiveCfg = Release|Any CPU
		{64A8DF87-5F0B-A4EA-09A0-E77B7581ECEB}.Release|Any CPU.Build.0 = Release|Any CPU
		{D0A56D93-B8AE-EE2C-E1FD-8E7BF9CE30D4}.Debug|Any CPU.ActiveCfg = Debug|Any CPU
		{D0A56D93-B8AE-EE2C-E1FD-8E7BF9CE30D4}.Debug|Any CPU.Build.0 = Debug|Any CPU
		{D0A56D93-B8AE-EE2C-E1FD-8E7BF9CE30D4}.Release|Any CPU.ActiveCfg = Release|Any CPU
		{D0A56D93-B8AE-EE2C-E1FD-8E7BF9CE30D4}.Release|Any CPU.Build.0 = Release|Any CPU
		{89AC4CA9-DA57-1084-75BA-190AA9FA0F89}.Debug|Any CPU.ActiveCfg = Debug|Any CPU
		{89AC4CA9-DA57-1084-75BA-190AA9FA0F89}.Debug|Any CPU.Build.0 = Debug|Any CPU
		{89AC4CA9-DA57-1084-75BA-190AA9FA0F89}.Release|Any CPU.ActiveCfg = Release|Any CPU
		{89AC4CA9-DA57-1084-75BA-190AA9FA0F89}.Release|Any CPU.Build.0 = Release|Any CPU
		{9886ED89-2EC6-294C-3736-F32DB17F7644}.Debug|Any CPU.ActiveCfg = Debug|Any CPU
		{9886ED89-2EC6-294C-3736-F32DB17F7644}.Debug|Any CPU.Build.0 = Debug|Any CPU
		{9886ED89-2EC6-294C-3736-F32DB17F7644}.Release|Any CPU.ActiveCfg = Release|Any CPU
		{9886ED89-2EC6-294C-3736-F32DB17F7644}.Release|Any CPU.Build.0 = Release|Any CPU
	EndGlobalSection
	GlobalSection(SolutionProperties) = preSolution
		HideSolutionNode = FALSE
	EndGlobalSection
EndGlobal
